
Microsoft Visual Studio Solution File, Format Version 12.00
# Visual Studio 14
VisualStudioVersion = 14.0.25420.1
MinimumVisualStudioVersion = 10.0.40219.1
Project("{FAE04EC0-301F-11D3-BF4B-00C04F79EFBC}") = "QuickZ", "QuickZ\QuickZ.csproj", "{9D860035-62E7-45B9-BD47-D88BB5A950EA}"
EndProject
Project("{FAE04EC0-301F-11D3-BF4B-00C04F79EFBC}") = "QuickZ.Tests", "QuickZ.Tests\QuickZ.Tests.csproj", "{71C8A47B-7F38-465C-AF8C-3CDC520FAF72}"
EndProject
Project("{FAE04EC0-301F-11D3-BF4B-00C04F79EFBC}") = "QuickZ.Data.Entity", "QuickZ.Data.Entity\QuickZ.Data.Entity.csproj", "{88B1FE78-0126-41B7-8281-E914B676AE44}"
EndProject
Project("{FAE04EC0-301F-11D3-BF4B-00C04F79EFBC}") = "QuickZ.Utility", "QuickZ.Utility\QuickZ.Utility.csproj", "{80D662A6-1C7C-4594-B8B6-98CC89CF9EC9}"
EndProject
Project("{2150E333-8FDC-42A3-9474-1A3956D46DE8}") = "Core", "Core", "{8F72A421-C8D9-4479-9830-825263583474}"
EndProject
Project("{2150E333-8FDC-42A3-9474-1A3956D46DE8}") = "Web", "Web", "{61D4AB87-BF2B-48B9-B9FE-69EAEE4B89EA}"
EndProject
Project("{FAE04EC0-301F-11D3-BF4B-00C04F79EFBC}") = "QuickZ.Repository", "QuickZ.Repository\QuickZ.Repository.csproj", "{8532F0F1-385C-4F54-972B-B802AD516AF7}"
EndProject
Project("{FAE04EC0-301F-11D3-BF4B-00C04F79EFBC}") = "QuickZ.ViewModel", "QuickZ.ViewModel\QuickZ.ViewModel.csproj", "{F7BDFCAC-5E02-4F62-AB57-3CB422431AB9}"
EndProject
Project("{2150E333-8FDC-42A3-9474-1A3956D46DE8}") = "Service", "Service", "{516D28B6-EC11-4264-B597-B6118AD14CB9}"
EndProject
Project("{FAE04EC0-301F-11D3-BF4B-00C04F79EFBC}") = "QuickZ.Service", "QuickZ.Service\QuickZ.Service.csproj", "{F376BF51-D843-41D7-8099-6A57D9C751D6}"
EndProject
Project("{2150E333-8FDC-42A3-9474-1A3956D46DE8}") = "Utility", "Utility", "{6A0424E7-C655-4CA2-AF43-EFFB97DA1178}"
EndProject
Project("{FAE04EC0-301F-11D3-BF4B-00C04F79EFBC}") = "QuickZ.IRepository", "QuickZ.IRepository\QuickZ.IRepository.csproj", "{D4697D21-BCBF-4DA1-84C6-7F61B37AEB3C}"
EndProject
Global
	GlobalSection(SolutionConfigurationPlatforms) = preSolution
		Debug|Any CPU = Debug|Any CPU
		Release|Any CPU = Release|Any CPU
	EndGlobalSection
	GlobalSection(ProjectConfigurationPlatforms) = postSolution
		{9D860035-62E7-45B9-BD47-D88BB5A950EA}.Debug|Any CPU.ActiveCfg = Debug|Any CPU
		{9D860035-62E7-45B9-BD47-D88BB5A950EA}.Debug|Any CPU.Build.0 = Debug|Any CPU
		{9D860035-62E7-45B9-BD47-D88BB5A950EA}.Release|Any CPU.ActiveCfg = Release|Any CPU
		{9D860035-62E7-45B9-BD47-D88BB5A950EA}.Release|Any CPU.Build.0 = Release|Any CPU
		{71C8A47B-7F38-465C-AF8C-3CDC520FAF72}.Debug|Any CPU.ActiveCfg = Debug|Any CPU
		{71C8A47B-7F38-465C-AF8C-3CDC520FAF72}.Debug|Any CPU.Build.0 = Debug|Any CPU
		{71C8A47B-7F38-465C-AF8C-3CDC520FAF72}.Release|Any CPU.ActiveCfg = Release|Any CPU
		{71C8A47B-7F38-465C-AF8C-3CDC520FAF72}.Release|Any CPU.Build.0 = Release|Any CPU
		{88B1FE78-0126-41B7-8281-E914B676AE44}.Debug|Any CPU.ActiveCfg = Debug|Any CPU
		{88B1FE78-0126-41B7-8281-E914B676AE44}.Debug|Any CPU.Build.0 = Debug|Any CPU
		{88B1FE78-0126-41B7-8281-E914B676AE44}.Release|Any CPU.ActiveCfg = Release|Any CPU
		{88B1FE78-0126-41B7-8281-E914B676AE44}.Release|Any CPU.Build.0 = Release|Any CPU
		{80D662A6-1C7C-4594-B8B6-98CC89CF9EC9}.Debug|Any CPU.ActiveCfg = Debug|Any CPU
		{80D662A6-1C7C-4594-B8B6-98CC89CF9EC9}.Debug|Any CPU.Build.0 = Debug|Any CPU
		{80D662A6-1C7C-4594-B8B6-98CC89CF9EC9}.Release|Any CPU.ActiveCfg = Release|Any CPU
		{80D662A6-1C7C-4594-B8B6-98CC89CF9EC9}.Release|Any CPU.Build.0 = Release|Any CPU
		{8532F0F1-385C-4F54-972B-B802AD516AF7}.Debug|Any CPU.ActiveCfg = Debug|Any CPU
		{8532F0F1-385C-4F54-972B-B802AD516AF7}.Debug|Any CPU.Build.0 = Debug|Any CPU
		{8532F0F1-385C-4F54-972B-B802AD516AF7}.Release|Any CPU.ActiveCfg = Release|Any CPU
		{8532F0F1-385C-4F54-972B-B802AD516AF7}.Release|Any CPU.Build.0 = Release|Any CPU
		{F7BDFCAC-5E02-4F62-AB57-3CB422431AB9}.Debug|Any CPU.ActiveCfg = Debug|Any CPU
		{F7BDFCAC-5E02-4F62-AB57-3CB422431AB9}.Debug|Any CPU.Build.0 = Debug|Any CPU
		{F7BDFCAC-5E02-4F62-AB57-3CB422431AB9}.Release|Any CPU.ActiveCfg = Release|Any CPU
		{F7BDFCAC-5E02-4F62-AB57-3CB422431AB9}.Release|Any CPU.Build.0 = Release|Any CPU
		{F376BF51-D843-41D7-8099-6A57D9C751D6}.Debug|Any CPU.ActiveCfg = Debug|Any CPU
		{F376BF51-D843-41D7-8099-6A57D9C751D6}.Debug|Any CPU.Build.0 = Debug|Any CPU
		{F376BF51-D843-41D7-8099-6A57D9C751D6}.Release|Any CPU.ActiveCfg = Release|Any CPU
		{F376BF51-D843-41D7-8099-6A57D9C751D6}.Release|Any CPU.Build.0 = Release|Any CPU
		{D4697D21-BCBF-4DA1-84C6-7F61B37AEB3C}.Debug|Any CPU.ActiveCfg = Debug|Any CPU
		{D4697D21-BCBF-4DA1-84C6-7F61B37AEB3C}.Debug|Any CPU.Build.0 = Debug|Any CPU
		{D4697D21-BCBF-4DA1-84C6-7F61B37AEB3C}.Release|Any CPU.ActiveCfg = Release|Any CPU
		{D4697D21-BCBF-4DA1-84C6-7F61B37AEB3C}.Release|Any CPU.Build.0 = Release|Any CPU
	EndGlobalSection
	GlobalSection(SolutionProperties) = preSolution
		HideSolutionNode = FALSE
	EndGlobalSection
	GlobalSection(NestedProjects) = preSolution
		{9D860035-62E7-45B9-BD47-D88BB5A950EA} = {61D4AB87-BF2B-48B9-B9FE-69EAEE4B89EA}
		{88B1FE78-0126-41B7-8281-E914B676AE44} = {8F72A421-C8D9-4479-9830-825263583474}
		{80D662A6-1C7C-4594-B8B6-98CC89CF9EC9} = {6A0424E7-C655-4CA2-AF43-EFFB97DA1178}
		{8532F0F1-385C-4F54-972B-B802AD516AF7} = {8F72A421-C8D9-4479-9830-825263583474}
		{F7BDFCAC-5E02-4F62-AB57-3CB422431AB9} = {61D4AB87-BF2B-48B9-B9FE-69EAEE4B89EA}
		{F376BF51-D843-41D7-8099-6A57D9C751D6} = {516D28B6-EC11-4264-B597-B6118AD14CB9}
		{D4697D21-BCBF-4DA1-84C6-7F61B37AEB3C} = {8F72A421-C8D9-4479-9830-825263583474}
	EndGlobalSection
EndGlobal
